
Microsoft Visual Studio Solution File, Format Version 12.00
# Visual Studio Version 17
VisualStudioVersion = 17.8.34511.84
MinimumVisualStudioVersion = 10.0.40219.1
Project("{FAE04EC0-301F-11D3-BF4B-00C04F79EFBC}") = "DataAccess", "DataAccess\DataAccess.csproj", "{811FFEF5-7DDB-42BF-8039-1D00584B33E6}"
EndProject
Project("{FAE04EC0-301F-11D3-BF4B-00C04F79EFBC}") = "BusinessObject", "BusinessObject\BusinessObject.csproj", "{80130F2A-4F16-4FC2-B4DE-C0EE0FBC3DA0}"
EndProject
Project("{FAE04EC0-301F-11D3-BF4B-00C04F79EFBC}") = "MyStoreWinApp", "MyStoreWinApp\MyStoreWinApp.csproj", "{64A10658-4D8F-4FBE-B656-97A9289BB2C0}"
EndProject
Project("{2150E333-8FDC-42A3-9474-1A3956D46DE8}") = "Solution Items", "Solution Items", "{E4A95744-454F-4F13-B404-610AD5A26DCB}"
	ProjectSection(SolutionItems) = preProject
		appsettings.json = appsettings.json
	EndProjectSection
EndProject
Global
	GlobalSection(SolutionConfigurationPlatforms) = preSolution
		Debug|Any CPU = Debug|Any CPU
		Release|Any CPU = Release|Any CPU
	EndGlobalSection
	GlobalSection(ProjectConfigurationPlatforms) = postSolution
		{811FFEF5-7DDB-42BF-8039-1D00584B33E6}.Debug|Any CPU.ActiveCfg = Debug|Any CPU
		{811FFEF5-7DDB-42BF-8039-1D00584B33E6}.Debug|Any CPU.Build.0 = Debug|Any CPU
		{811FFEF5-7DDB-42BF-8039-1D00584B33E6}.Release|Any CPU.ActiveCfg = Release|Any CPU
		{811FFEF5-7DDB-42BF-8039-1D00584B33E6}.Release|Any CPU.Build.0 = Release|Any CPU
		{80130F2A-4F16-4FC2-B4DE-C0EE0FBC3DA0}.Debug|Any CPU.ActiveCfg = Debug|Any CPU
		{80130F2A-4F16-4FC2-B4DE-C0EE0FBC3DA0}.Debug|Any CPU.Build.0 = Debug|Any CPU
		{80130F2A-4F16-4FC2-B4DE-C0EE0FBC3DA0}.Release|Any CPU.ActiveCfg = Release|Any CPU
		{80130F2A-4F16-4FC2-B4DE-C0EE0FBC3DA0}.Release|Any CPU.Build.0 = Release|Any CPU
		{64A10658-4D8F-4FBE-B656-97A9289BB2C0}.Debug|Any CPU.ActiveCfg = Debug|Any CPU
		{64A10658-4D8F-4FBE-B656-97A9289BB2C0}.Debug|Any CPU.Build.0 = Debug|Any CPU
		{64A10658-4D8F-4FBE-B656-97A9289BB2C0}.Release|Any CPU.ActiveCfg = Release|Any CPU
		{64A10658-4D8F-4FBE-B656-97A9289BB2C0}.Release|Any CPU.Build.0 = Release|Any CPU
	EndGlobalSection
	GlobalSection(SolutionProperties) = preSolution
		HideSolutionNode = FALSE
	EndGlobalSection
	GlobalSection(ExtensibilityGlobals) = postSolution
		SolutionGuid = {38F67093-8994-484E-80E9-8877D215A536}
	EndGlobalSection
EndGlobal
